
Microsoft Visual Studio Solution File, Format Version 12.00
# Visual Studio Version 16
VisualStudioVersion = 16.0.29613.14
MinimumVisualStudioVersion = 10.0.40219.1
Project("{FAE04EC0-301F-11D3-BF4B-00C04F79EFBC}") = "SS.Annotator", "SS.Annotator\SS.Annotator.csproj", "{95AC74B6-1F29-43C2-B36A-A965F5170936}"
EndProject
Project("{FAE04EC0-301F-11D3-BF4B-00C04F79EFBC}") = "SS.Annotator.Tests", "SS.Annotator.Tests\SS.Annotator.Tests.csproj", "{911AD7B5-9345-42F3-8171-53E68363560C}"
EndProject
Project("{FAE04EC0-301F-11D3-BF4B-00C04F79EFBC}") = "Stanford.NLP.NER.CSharp", "Stanford.NLP.NER.CSharp\Stanford.NLP.NER.CSharp.csproj", "{4D9AF4ED-B531-4A80-BBEB-828101BD3F9D}"
EndProject
Project("{9A19103F-16F7-4668-BE54-9A1E7A4F7556}") = "TreeBank.Domain", "TreeBank.Domain\TreeBank.Domain.csproj", "{7AC5F6C9-1557-4EBB-9200-BB9E128BDECB}"
EndProject
Project("{FAE04EC0-301F-11D3-BF4B-00C04F79EFBC}") = "Stanford.NLP.SUTime.CSharp", "Stanford.NLP.SUTime.CSharp\Stanford.NLP.SUTime.CSharp.csproj", "{82EEB2DD-C4C0-4414-B353-190F13716B2C}"
EndProject
Project("{FAE04EC0-301F-11D3-BF4B-00C04F79EFBC}") = "Temporal.Domain", "Temporal.Domain\Temporal.Domain.csproj", "{18575091-8A94-48AB-8AD6-61E708169777}"
EndProject
Global
	GlobalSection(SolutionConfigurationPlatforms) = preSolution
		Debug|Any CPU = Debug|Any CPU
		Release|Any CPU = Release|Any CPU
	EndGlobalSection
	GlobalSection(ProjectConfigurationPlatforms) = postSolution
		{95AC74B6-1F29-43C2-B36A-A965F5170936}.Debug|Any CPU.ActiveCfg = Debug|Any CPU
		{95AC74B6-1F29-43C2-B36A-A965F5170936}.Debug|Any CPU.Build.0 = Debug|Any CPU
		{95AC74B6-1F29-43C2-B36A-A965F5170936}.Release|Any CPU.ActiveCfg = Release|Any CPU
		{95AC74B6-1F29-43C2-B36A-A965F5170936}.Release|Any CPU.Build.0 = Release|Any CPU
		{911AD7B5-9345-42F3-8171-53E68363560C}.Debug|Any CPU.ActiveCfg = Debug|Any CPU
		{911AD7B5-9345-42F3-8171-53E68363560C}.Debug|Any CPU.Build.0 = Debug|Any CPU
		{911AD7B5-9345-42F3-8171-53E68363560C}.Release|Any CPU.ActiveCfg = Release|Any CPU
		{911AD7B5-9345-42F3-8171-53E68363560C}.Release|Any CPU.Build.0 = Release|Any CPU
		{4D9AF4ED-B531-4A80-BBEB-828101BD3F9D}.Debug|Any CPU.ActiveCfg = Debug|Any CPU
		{4D9AF4ED-B531-4A80-BBEB-828101BD3F9D}.Debug|Any CPU.Build.0 = Debug|Any CPU
		{4D9AF4ED-B531-4A80-BBEB-828101BD3F9D}.Release|Any CPU.ActiveCfg = Release|Any CPU
		{4D9AF4ED-B531-4A80-BBEB-828101BD3F9D}.Release|Any CPU.Build.0 = Release|Any CPU
		{7AC5F6C9-1557-4EBB-9200-BB9E128BDECB}.Debug|Any CPU.ActiveCfg = Debug|Any CPU
		{7AC5F6C9-1557-4EBB-9200-BB9E128BDECB}.Debug|Any CPU.Build.0 = Debug|Any CPU
		{7AC5F6C9-1557-4EBB-9200-BB9E128BDECB}.Release|Any CPU.ActiveCfg = Release|Any CPU
		{7AC5F6C9-1557-4EBB-9200-BB9E128BDECB}.Release|Any CPU.Build.0 = Release|Any CPU
		{82EEB2DD-C4C0-4414-B353-190F13716B2C}.Debug|Any CPU.ActiveCfg = Debug|Any CPU
		{82EEB2DD-C4C0-4414-B353-190F13716B2C}.Debug|Any CPU.Build.0 = Debug|Any CPU
		{82EEB2DD-C4C0-4414-B353-190F13716B2C}.Release|Any CPU.ActiveCfg = Release|Any CPU
		{82EEB2DD-C4C0-4414-B353-190F13716B2C}.Release|Any CPU.Build.0 = Release|Any CPU
		{18575091-8A94-48AB-8AD6-61E708169777}.Debug|Any CPU.ActiveCfg = Debug|Any CPU
		{18575091-8A94-48AB-8AD6-61E708169777}.Debug|Any CPU.Build.0 = Debug|Any CPU
		{18575091-8A94-48AB-8AD6-61E708169777}.Release|Any CPU.ActiveCfg = Release|Any CPU
		{18575091-8A94-48AB-8AD6-61E708169777}.Release|Any CPU.Build.0 = Release|Any CPU
	EndGlobalSection
	GlobalSection(SolutionProperties) = preSolution
		HideSolutionNode = FALSE
	EndGlobalSection
	GlobalSection(ExtensibilityGlobals) = postSolution
		SolutionGuid = {3C9803CF-02F8-40A7-A7A2-E783864840AD}
	EndGlobalSection
EndGlobal
